// !$*UTF8*$!
{
	archiveVersion = 1;
	classes = {
	};
	objectVersion = 50;
	objects = {

/* Begin PBXBuildFile section */
		14124263223A1AAD0011E813 /* MenuViewController.swift in Sources */ = {isa = PBXBuildFile; fileRef = 14124262223A1AAD0011E813 /* MenuViewController.swift */; };
		14124265223A1AE90011E813 /* MenuItem.swift in Sources */ = {isa = PBXBuildFile; fileRef = 14124264223A1AE90011E813 /* MenuItem.swift */; };
		14124267223A1BB60011E813 /* MenuData.swift in Sources */ = {isa = PBXBuildFile; fileRef = 14124266223A1BB60011E813 /* MenuData.swift */; };
		14124269223A215D0011E813 /* MenuItemCell.swift in Sources */ = {isa = PBXBuildFile; fileRef = 14124268223A215D0011E813 /* MenuItemCell.swift */; };
		1412426B223EEAAC0011E813 /* SettingsViewController.swift in Sources */ = {isa = PBXBuildFile; fileRef = 1412426A223EEAAC0011E813 /* SettingsViewController.swift */; };
		141660C122078D650066CDF5 /* HomeViewController.swift in Sources */ = {isa = PBXBuildFile; fileRef = 141660C022078D650066CDF5 /* HomeViewController.swift */; };
		141660C322078E650066CDF5 /* Restaurant.swift in Sources */ = {isa = PBXBuildFile; fileRef = 141660C222078E650066CDF5 /* Restaurant.swift */; };
		141660C5220791560066CDF5 /* RestaurantData.swift in Sources */ = {isa = PBXBuildFile; fileRef = 141660C4220791560066CDF5 /* RestaurantData.swift */; };
		14D054AB2210C83B008806F5 /* RestaurantCell.swift in Sources */ = {isa = PBXBuildFile; fileRef = 14D054AA2210C83B008806F5 /* RestaurantCell.swift */; };
		2D246C892204A7C800166E8A /* AppDelegate.swift in Sources */ = {isa = PBXBuildFile; fileRef = 2D246C882204A7C800166E8A /* AppDelegate.swift */; };
		2D246C8E2204A7C800166E8A /* Main.storyboard in Resources */ = {isa = PBXBuildFile; fileRef = 2D246C8C2204A7C800166E8A /* Main.storyboard */; };
		2D246C902204A7C800166E8A /* Assets.xcassets in Resources */ = {isa = PBXBuildFile; fileRef = 2D246C8F2204A7C800166E8A /* Assets.xcassets */; };
		2D246C932204A7C800166E8A /* LaunchScreen.storyboard in Resources */ = {isa = PBXBuildFile; fileRef = 2D246C912204A7C800166E8A /* LaunchScreen.storyboard */; };
		2D246C9E2204A7C800166E8A /* LetUsTests.swift in Sources */ = {isa = PBXBuildFile; fileRef = 2D246C9D2204A7C800166E8A /* LetUsTests.swift */; };
		2D246CAB2204B22400166E8A /* CustomTabBar.swift in Sources */ = {isa = PBXBuildFile; fileRef = 2D246CAA2204B22400166E8A /* CustomTabBar.swift */; };
		2D6349292210CACE00AE5E77 /* QRScannerController.swift in Sources */ = {isa = PBXBuildFile; fileRef = 2D6349282210CACD00AE5E77 /* QRScannerController.swift */; };
/* End PBXBuildFile section */

/* Begin PBXContainerItemProxy section */
		2D246C9A2204A7C800166E8A /* PBXContainerItemProxy */ = {
			isa = PBXContainerItemProxy;
			containerPortal = 2D246C7D2204A7C800166E8A /* Project object */;
			proxyType = 1;
			remoteGlobalIDString = 2D246C842204A7C800166E8A;
			remoteInfo = LetUs;
		};
/* End PBXContainerItemProxy section */

/* Begin PBXFileReference section */
		14124262223A1AAD0011E813 /* MenuViewController.swift */ = {isa = PBXFileReference; lastKnownFileType = sourcecode.swift; path = MenuViewController.swift; sourceTree = "<group>"; };
		14124264223A1AE90011E813 /* MenuItem.swift */ = {isa = PBXFileReference; lastKnownFileType = sourcecode.swift; path = MenuItem.swift; sourceTree = "<group>"; };
		14124266223A1BB60011E813 /* MenuData.swift */ = {isa = PBXFileReference; lastKnownFileType = sourcecode.swift; path = MenuData.swift; sourceTree = "<group>"; };
		14124268223A215D0011E813 /* MenuItemCell.swift */ = {isa = PBXFileReference; lastKnownFileType = sourcecode.swift; path = MenuItemCell.swift; sourceTree = "<group>"; };
		1412426A223EEAAC0011E813 /* SettingsViewController.swift */ = {isa = PBXFileReference; lastKnownFileType = sourcecode.swift; path = SettingsViewController.swift; sourceTree = "<group>"; };
		141660C022078D650066CDF5 /* HomeViewController.swift */ = {isa = PBXFileReference; lastKnownFileType = sourcecode.swift; path = HomeViewController.swift; sourceTree = "<group>"; };
		141660C222078E650066CDF5 /* Restaurant.swift */ = {isa = PBXFileReference; lastKnownFileType = sourcecode.swift; path = Restaurant.swift; sourceTree = "<group>"; };
		141660C4220791560066CDF5 /* RestaurantData.swift */ = {isa = PBXFileReference; lastKnownFileType = sourcecode.swift; path = RestaurantData.swift; sourceTree = "<group>"; };
		14D054AA2210C83B008806F5 /* RestaurantCell.swift */ = {isa = PBXFileReference; lastKnownFileType = sourcecode.swift; path = RestaurantCell.swift; sourceTree = "<group>"; };
		2D246C852204A7C800166E8A /* LetUs.app */ = {isa = PBXFileReference; explicitFileType = wrapper.application; includeInIndex = 0; path = LetUs.app; sourceTree = BUILT_PRODUCTS_DIR; };
		2D246C882204A7C800166E8A /* AppDelegate.swift */ = {isa = PBXFileReference; lastKnownFileType = sourcecode.swift; path = AppDelegate.swift; sourceTree = "<group>"; };
		2D246C8D2204A7C800166E8A /* Base */ = {isa = PBXFileReference; lastKnownFileType = file.storyboard; name = Base; path = Base.lproj/Main.storyboard; sourceTree = "<group>"; };
		2D246C8F2204A7C800166E8A /* Assets.xcassets */ = {isa = PBXFileReference; lastKnownFileType = folder.assetcatalog; path = Assets.xcassets; sourceTree = "<group>"; };
		2D246C922204A7C800166E8A /* Base */ = {isa = PBXFileReference; lastKnownFileType = file.storyboard; name = Base; path = Base.lproj/LaunchScreen.storyboard; sourceTree = "<group>"; };
		2D246C942204A7C800166E8A /* Info.plist */ = {isa = PBXFileReference; lastKnownFileType = text.plist.xml; path = Info.plist; sourceTree = "<group>"; };
		2D246C992204A7C800166E8A /* LetUsTests.xctest */ = {isa = PBXFileReference; explicitFileType = wrapper.cfbundle; includeInIndex = 0; path = LetUsTests.xctest; sourceTree = BUILT_PRODUCTS_DIR; };
		2D246C9D2204A7C800166E8A /* LetUsTests.swift */ = {isa = PBXFileReference; lastKnownFileType = sourcecode.swift; path = LetUsTests.swift; sourceTree = "<group>"; };
		2D246C9F2204A7C900166E8A /* Info.plist */ = {isa = PBXFileReference; lastKnownFileType = text.plist.xml; path = Info.plist; sourceTree = "<group>"; };
		2D246CAA2204B22400166E8A /* CustomTabBar.swift */ = {isa = PBXFileReference; lastKnownFileType = sourcecode.swift; path = CustomTabBar.swift; sourceTree = "<group>"; };
		2D6349282210CACD00AE5E77 /* QRScannerController.swift */ = {isa = PBXFileReference; fileEncoding = 4; lastKnownFileType = sourcecode.swift; path = QRScannerController.swift; sourceTree = "<group>"; };
/* End PBXFileReference section */

/* Begin PBXFrameworksBuildPhase section */
		2D246C822204A7C800166E8A /* Frameworks */ = {
			isa = PBXFrameworksBuildPhase;
			buildActionMask = 2147483647;
			files = (
			);
			runOnlyForDeploymentPostprocessing = 0;
		};
		2D246C962204A7C800166E8A /* Frameworks */ = {
			isa = PBXFrameworksBuildPhase;
			buildActionMask = 2147483647;
			files = (
			);
			runOnlyForDeploymentPostprocessing = 0;
		};
/* End PBXFrameworksBuildPhase section */

/* Begin PBXGroup section */
		2D246C7C2204A7C800166E8A = {
			isa = PBXGroup;
			children = (
				2D246C872204A7C800166E8A /* LetUs */,
				2D246C9C2204A7C800166E8A /* LetUsTests */,
				2D246C862204A7C800166E8A /* Products */,
			);
			sourceTree = "<group>";
		};
		2D246C862204A7C800166E8A /* Products */ = {
			isa = PBXGroup;
			children = (
				2D246C852204A7C800166E8A /* LetUs.app */,
				2D246C992204A7C800166E8A /* LetUsTests.xctest */,
			);
			name = Products;
			sourceTree = "<group>";
		};
		2D246C872204A7C800166E8A /* LetUs */ = {
			isa = PBXGroup;
			children = (
				2D246C882204A7C800166E8A /* AppDelegate.swift */,
				14124262223A1AAD0011E813 /* MenuViewController.swift */,
				2D246C8C2204A7C800166E8A /* Main.storyboard */,
				1412426A223EEAAC0011E813 /* SettingsViewController.swift */,
				14124268223A215D0011E813 /* MenuItemCell.swift */,
				14124266223A1BB60011E813 /* MenuData.swift */,
				14124264223A1AE90011E813 /* MenuItem.swift */,
				141660C4220791560066CDF5 /* RestaurantData.swift */,
				141660C222078E650066CDF5 /* Restaurant.swift */,
				141660C022078D650066CDF5 /* HomeViewController.swift */,
				14D054AA2210C83B008806F5 /* RestaurantCell.swift */,
				2D246CAA2204B22400166E8A /* CustomTabBar.swift */,
				2D6349282210CACD00AE5E77 /* QRScannerController.swift */,
				2D246C8F2204A7C800166E8A /* Assets.xcassets */,
				2D246C912204A7C800166E8A /* LaunchScreen.storyboard */,
				2D246C942204A7C800166E8A /* Info.plist */,
			);
			path = LetUs;
			sourceTree = "<group>";
		};
		2D246C9C2204A7C800166E8A /* LetUsTests */ = {
			isa = PBXGroup;
			children = (
				2D246C9D2204A7C800166E8A /* LetUsTests.swift */,
				2D246C9F2204A7C900166E8A /* Info.plist */,
			);
			path = LetUsTests;
			sourceTree = "<group>";
		};
/* End PBXGroup section */

/* Begin PBXNativeTarget section */
		2D246C842204A7C800166E8A /* LetUs */ = {
			isa = PBXNativeTarget;
			buildConfigurationList = 2D246CA22204A7C900166E8A /* Build configuration list for PBXNativeTarget "LetUs" */;
			buildPhases = (
				2D246C812204A7C800166E8A /* Sources */,
				2D246C822204A7C800166E8A /* Frameworks */,
				2D246C832204A7C800166E8A /* Resources */,
			);
			buildRules = (
			);
			dependencies = (
			);
			name = LetUs;
			productName = LetUs;
			productReference = 2D246C852204A7C800166E8A /* LetUs.app */;
			productType = "com.apple.product-type.application";
		};
		2D246C982204A7C800166E8A /* LetUsTests */ = {
			isa = PBXNativeTarget;
			buildConfigurationList = 2D246CA52204A7C900166E8A /* Build configuration list for PBXNativeTarget "LetUsTests" */;
			buildPhases = (
				2D246C952204A7C800166E8A /* Sources */,
				2D246C962204A7C800166E8A /* Frameworks */,
				2D246C972204A7C800166E8A /* Resources */,
			);
			buildRules = (
			);
			dependencies = (
				2D246C9B2204A7C800166E8A /* PBXTargetDependency */,
			);
			name = LetUsTests;
			productName = LetUsTests;
			productReference = 2D246C992204A7C800166E8A /* LetUsTests.xctest */;
			productType = "com.apple.product-type.bundle.unit-test";
		};
/* End PBXNativeTarget section */

/* Begin PBXProject section */
		2D246C7D2204A7C800166E8A /* Project object */ = {
			isa = PBXProject;
			attributes = {
				LastSwiftUpdateCheck = 1010;
				LastUpgradeCheck = 1010;
				ORGANIZATIONNAME = "Ethan Lee";
				TargetAttributes = {
					2D246C842204A7C800166E8A = {
						CreatedOnToolsVersion = 10.1;
					};
					2D246C982204A7C800166E8A = {
						CreatedOnToolsVersion = 10.1;
						TestTargetID = 2D246C842204A7C800166E8A;
					};
				};
			};
			buildConfigurationList = 2D246C802204A7C800166E8A /* Build configuration list for PBXProject "LetUs" */;
			compatibilityVersion = "Xcode 9.3";
			developmentRegion = en;
			hasScannedForEncodings = 0;
			knownRegions = (
				en,
				Base,
			);
			mainGroup = 2D246C7C2204A7C800166E8A;
			productRefGroup = 2D246C862204A7C800166E8A /* Products */;
			projectDirPath = "";
			projectRoot = "";
			targets = (
				2D246C842204A7C800166E8A /* LetUs */,
				2D246C982204A7C800166E8A /* LetUsTests */,
			);
		};
/* End PBXProject section */

/* Begin PBXResourcesBuildPhase section */
		2D246C832204A7C800166E8A /* Resources */ = {
			isa = PBXResourcesBuildPhase;
			buildActionMask = 2147483647;
			files = (
				2D246C932204A7C800166E8A /* LaunchScreen.storyboard in Resources */,
				2D246C902204A7C800166E8A /* Assets.xcassets in Resources */,
				2D246C8E2204A7C800166E8A /* Main.storyboard in Resources */,
			);
			runOnlyForDeploymentPostprocessing = 0;
		};
		2D246C972204A7C800166E8A /* Resources */ = {
			isa = PBXResourcesBuildPhase;
			buildActionMask = 2147483647;
			files = (
			);
			runOnlyForDeploymentPostprocessing = 0;
		};
/* End PBXResourcesBuildPhase section */

/* Begin PBXSourcesBuildPhase section */
		2D246C812204A7C800166E8A /* Sources */ = {
			isa = PBXSourcesBuildPhase;
			buildActionMask = 2147483647;
			files = (
				14D054AB2210C83B008806F5 /* RestaurantCell.swift in Sources */,
				141660C322078E650066CDF5 /* Restaurant.swift in Sources */,
				14124269223A215D0011E813 /* MenuItemCell.swift in Sources */,
				14124267223A1BB60011E813 /* MenuData.swift in Sources */,
				141660C5220791560066CDF5 /* RestaurantData.swift in Sources */,
				2D246CAB2204B22400166E8A /* CustomTabBar.swift in Sources */,
				2D246C892204A7C800166E8A /* AppDelegate.swift in Sources */,
				2D6349292210CACE00AE5E77 /* QRScannerController.swift in Sources */,
				14124265223A1AE90011E813 /* MenuItem.swift in Sources */,
				141660C122078D650066CDF5 /* HomeViewController.swift in Sources */,
				14124263223A1AAD0011E813 /* MenuViewController.swift in Sources */,
				1412426B223EEAAC0011E813 /* SettingsViewController.swift in Sources */,
			);
			runOnlyForDeploymentPostprocessing = 0;
		};
		2D246C952204A7C800166E8A /* Sources */ = {
			isa = PBXSourcesBuildPhase;
			buildActionMask = 2147483647;
			files = (
				2D246C9E2204A7C800166E8A /* LetUsTests.swift in Sources */,
			);
			runOnlyForDeploymentPostprocessing = 0;
		};
/* End PBXSourcesBuildPhase section */

/* Begin PBXTargetDependency section */
		2D246C9B2204A7C800166E8A /* PBXTargetDependency */ = {
			isa = PBXTargetDependency;
			target = 2D246C842204A7C800166E8A /* LetUs */;
			targetProxy = 2D246C9A2204A7C800166E8A /* PBXContainerItemProxy */;
		};
/* End PBXTargetDependency section */

/* Begin PBXVariantGroup section */
		2D246C8C2204A7C800166E8A /* Main.storyboard */ = {
			isa = PBXVariantGroup;
			children = (
				2D246C8D2204A7C800166E8A /* Base */,
			);
			name = Main.storyboard;
			sourceTree = "<group>";
		};
		2D246C912204A7C800166E8A /* LaunchScreen.storyboard */ = {
			isa = PBXVariantGroup;
			children = (
				2D246C922204A7C800166E8A /* Base */,
			);
			name = LaunchScreen.storyboard;
			sourceTree = "<group>";
		};
/* End PBXVariantGroup section */

/* Begin XCBuildConfiguration section */
		2D246CA02204A7C900166E8A /* Debug */ = {
			isa = XCBuildConfiguration;
			buildSettings = {
				ALWAYS_SEARCH_USER_PATHS = NO;
				CLANG_ANALYZER_NONNULL = YES;
				CLANG_ANALYZER_NUMBER_OBJECT_CONVERSION = YES_AGGRESSIVE;
				CLANG_CXX_LANGUAGE_STANDARD = "gnu++14";
				CLANG_CXX_LIBRARY = "libc++";
				CLANG_ENABLE_MODULES = YES;
				CLANG_ENABLE_OBJC_ARC = YES;
				CLANG_ENABLE_OBJC_WEAK = YES;
				CLANG_WARN_BLOCK_CAPTURE_AUTORELEASING = YES;
				CLANG_WARN_BOOL_CONVERSION = YES;
				CLANG_WARN_COMMA = YES;
				CLANG_WARN_CONSTANT_CONVERSION = YES;
				CLANG_WARN_DEPRECATED_OBJC_IMPLEMENTATIONS = YES;
				CLANG_WARN_DIRECT_OBJC_ISA_USAGE = YES_ERROR;
				CLANG_WARN_DOCUMENTATION_COMMENTS = YES;
				CLANG_WARN_EMPTY_BODY = YES;
				CLANG_WARN_ENUM_CONVERSION = YES;
				CLANG_WARN_INFINITE_RECURSION = YES;
				CLANG_WARN_INT_CONVERSION = YES;
				CLANG_WARN_NON_LITERAL_NULL_CONVERSION = YES;
				CLANG_WARN_OBJC_IMPLICIT_RETAIN_SELF = YES;
				CLANG_WARN_OBJC_LITERAL_CONVERSION = YES;
				CLANG_WARN_OBJC_ROOT_CLASS = YES_ERROR;
				CLANG_WARN_RANGE_LOOP_ANALYSIS = YES;
				CLANG_WARN_STRICT_PROTOTYPES = YES;
				CLANG_WARN_SUSPICIOUS_MOVE = YES;
				CLANG_WARN_UNGUARDED_AVAILABILITY = YES_AGGRESSIVE;
				CLANG_WARN_UNREACHABLE_CODE = YES;
				CLANG_WARN__DUPLICATE_METHOD_MATCH = YES;
				CODE_SIGN_IDENTITY = "iPhone Developer";
				COPY_PHASE_STRIP = NO;
				DEBUG_INFORMATION_FORMAT = dwarf;
				ENABLE_STRICT_OBJC_MSGSEND = YES;
				ENABLE_TESTABILITY = YES;
				GCC_C_LANGUAGE_STANDARD = gnu11;
				GCC_DYNAMIC_NO_PIC = NO;
				GCC_NO_COMMON_BLOCKS = YES;
				GCC_OPTIMIZATION_LEVEL = 0;
				GCC_PREPROCESSOR_DEFINITIONS = (
					"DEBUG=1",
					"$(inherited)",
				);
				GCC_WARN_64_TO_32_BIT_CONVERSION = YES;
				GCC_WARN_ABOUT_RETURN_TYPE = YES_ERROR;
				GCC_WARN_UNDECLARED_SELECTOR = YES;
				GCC_WARN_UNINITIALIZED_AUTOS = YES_AGGRESSIVE;
				GCC_WARN_UNUSED_FUNCTION = YES;
				GCC_WARN_UNUSED_VARIABLE = YES;
				IPHONEOS_DEPLOYMENT_TARGET = 12.1;
				MTL_ENABLE_DEBUG_INFO = INCLUDE_SOURCE;
				MTL_FAST_MATH = YES;
				ONLY_ACTIVE_ARCH = YES;
				SDKROOT = iphoneos;
				SWIFT_ACTIVE_COMPILATION_CONDITIONS = DEBUG;
				SWIFT_OPTIMIZATION_LEVEL = "-Onone";
			};
			name = Debug;
		};
		2D246CA12204A7C900166E8A /* Release */ = {
			isa = XCBuildConfiguration;
			buildSettings = {
				ALWAYS_SEARCH_USER_PATHS = NO;
				CLANG_ANALYZER_NONNULL = YES;
				CLANG_ANALYZER_NUMBER_OBJECT_CONVERSION = YES_AGGRESSIVE;
				CLANG_CXX_LANGUAGE_STANDARD = "gnu++14";
				CLANG_CXX_LIBRARY = "libc++";
				CLANG_ENABLE_MODULES = YES;
				CLANG_ENABLE_OBJC_ARC = YES;
				CLANG_ENABLE_OBJC_WEAK = YES;
				CLANG_WARN_BLOCK_CAPTURE_AUTORELEASING = YES;
				CLANG_WARN_BOOL_CONVERSION = YES;
				CLANG_WARN_COMMA = YES;
				CLANG_WARN_CONSTANT_CONVERSION = YES;
				CLANG_WARN_DEPRECATED_OBJC_IMPLEMENTATIONS = YES;
				CLANG_WARN_DIRECT_OBJC_ISA_USAGE = YES_ERROR;
				CLANG_WARN_DOCUMENTATION_COMMENTS = YES;
				CLANG_WARN_EMPTY_BODY = YES;
				CLANG_WARN_ENUM_CONVERSION = YES;
				CLANG_WARN_INFINITE_RECURSION = YES;
				CLANG_WARN_INT_CONVERSION = YES;
				CLANG_WARN_NON_LITERAL_NULL_CONVERSION = YES;
				CLANG_WARN_OBJC_IMPLICIT_RETAIN_SELF = YES;
				CLANG_WARN_OBJC_LITERAL_CONVERSION = YES;
				CLANG_WARN_OBJC_ROOT_CLASS = YES_ERROR;
				CLANG_WARN_RANGE_LOOP_ANALYSIS = YES;
				CLANG_WARN_STRICT_PROTOTYPES = YES;
				CLANG_WARN_SUSPICIOUS_MOVE = YES;
				CLANG_WARN_UNGUARDED_AVAILABILITY = YES_AGGRESSIVE;
				CLANG_WARN_UNREACHABLE_CODE = YES;
				CLANG_WARN__DUPLICATE_METHOD_MATCH = YES;
				CODE_SIGN_IDENTITY = "iPhone Developer";
				COPY_PHASE_STRIP = NO;
				DEBUG_INFORMATION_FORMAT = "dwarf-with-dsym";
				ENABLE_NS_ASSERTIONS = NO;
				ENABLE_STRICT_OBJC_MSGSEND = YES;
				GCC_C_LANGUAGE_STANDARD = gnu11;
				GCC_NO_COMMON_BLOCKS = YES;
				GCC_WARN_64_TO_32_BIT_CONVERSION = YES;
				GCC_WARN_ABOUT_RETURN_TYPE = YES_ERROR;
				GCC_WARN_UNDECLARED_SELECTOR = YES;
				GCC_WARN_UNINITIALIZED_AUTOS = YES_AGGRESSIVE;
				GCC_WARN_UNUSED_FUNCTION = YES;
				GCC_WARN_UNUSED_VARIABLE = YES;
				IPHONEOS_DEPLOYMENT_TARGET = 12.1;
				MTL_ENABLE_DEBUG_INFO = NO;
				MTL_FAST_MATH = YES;
				SDKROOT = iphoneos;
				SWIFT_COMPILATION_MODE = wholemodule;
				SWIFT_OPTIMIZATION_LEVEL = "-O";
				VALIDATE_PRODUCT = YES;
			};
			name = Release;
		};
		2D246CA32204A7C900166E8A /* Debug */ = {
			isa = XCBuildConfiguration;
			buildSettings = {
				ASSETCATALOG_COMPILER_APPICON_NAME = AppIcon;
				CODE_SIGN_STYLE = Automatic;
				DEVELOPMENT_TEAM = 78G3K9TQHP;
				INFOPLIST_FILE = LetUs/Info.plist;
				LD_RUNPATH_SEARCH_PATHS = (
					"$(inherited)",
					"@executable_path/Frameworks",
				);
				PRODUCT_BUNDLE_IDENTIFIER = com.Lett.us;
				PRODUCT_NAME = "$(TARGET_NAME)";
				SWIFT_VERSION = 4.2;
				TARGETED_DEVICE_FAMILY = "1,2";
			};
			name = Debug;
		};
		2D246CA42204A7C900166E8A /* Release */ = {
			isa = XCBuildConfiguration;
			buildSettings = {
				ASSETCATALOG_COMPILER_APPICON_NAME = AppIcon;
				CODE_SIGN_STYLE = Automatic;
				DEVELOPMENT_TEAM = 78G3K9TQHP;
				INFOPLIST_FILE = LetUs/Info.plist;
				LD_RUNPATH_SEARCH_PATHS = (
					"$(inherited)",
					"@executable_path/Frameworks",
				);
				PRODUCT_BUNDLE_IDENTIFIER = com.Lett.us;
				PRODUCT_NAME = "$(TARGET_NAME)";
				SWIFT_VERSION = 4.2;
				TARGETED_DEVICE_FAMILY = "1,2";
			};
			name = Release;
		};
		2D246CA62204A7C900166E8A /* Debug */ = {
			isa = XCBuildConfiguration;
			buildSettings = {
				ALWAYS_EMBED_SWIFT_STANDARD_LIBRARIES = YES;
				BUNDLE_LOADER = "$(TEST_HOST)";
				CODE_SIGN_STYLE = Automatic;
				DEVELOPMENT_TEAM = J5L9AYFLDT;
				INFOPLIST_FILE = LetUsTests/Info.plist;
				LD_RUNPATH_SEARCH_PATHS = (
					"$(inherited)",
					"@executable_path/Frameworks",
					"@loader_path/Frameworks",
				);
				PRODUCT_BUNDLE_IDENTIFIER = ethlee.tk.LetUsTests;
				PRODUCT_NAME = "$(TARGET_NAME)";
				SWIFT_VERSION = 4.2;
				TARGETED_DEVICE_FAMILY = "1,2";
				TEST_HOST = "$(BUILT_PRODUCTS_DIR)/LetUs.app/LetUs";
			};
			name = Debug;
		};
		2D246CA72204A7C900166E8A /* Release */ = {
			isa = XCBuildConfiguration;
			buildSettings = {
				ALWAYS_EMBED_SWIFT_STANDARD_LIBRARIES = YES;
				BUNDLE_LOADER = "$(TEST_HOST)";
				CODE_SIGN_STYLE = Automatic;
				DEVELOPMENT_TEAM = J5L9AYFLDT;
				INFOPLIST_FILE = LetUsTests/Info.plist;
				LD_RUNPATH_SEARCH_PATHS = (
					"$(inherited)",
					"@executable_path/Frameworks",
					"@loader_path/Frameworks",
				);
				PRODUCT_BUNDLE_IDENTIFIER = ethlee.tk.LetUsTests;
				PRODUCT_NAME = "$(TARGET_NAME)";
				SWIFT_VERSION = 4.2;
				TARGETED_DEVICE_FAMILY = "1,2";
				TEST_HOST = "$(BUILT_PRODUCTS_DIR)/LetUs.app/LetUs";
			};
			name = Release;
		};
/* End XCBuildConfiguration section */

/* Begin XCConfigurationList section */
		2D246C802204A7C800166E8A /* Build configuration list for PBXProject "LetUs" */ = {
			isa = XCConfigurationList;
			buildConfigurations = (
				2D246CA02204A7C900166E8A /* Debug */,
				2D246CA12204A7C900166E8A /* Release */,
			);
			defaultConfigurationIsVisible = 0;
			defaultConfigurationName = Release;
		};
		2D246CA22204A7C900166E8A /* Build configuration list for PBXNativeTarget "LetUs" */ = {
			isa = XCConfigurationList;
			buildConfigurations = (
				2D246CA32204A7C900166E8A /* Debug */,
				2D246CA42204A7C900166E8A /* Release */,
			);
			defaultConfigurationIsVisible = 0;
			defaultConfigurationName = Release;
		};
		2D246CA52204A7C900166E8A /* Build configuration list for PBXNativeTarget "LetUsTests" */ = {
			isa = XCConfigurationList;
			buildConfigurations = (
				2D246CA62204A7C900166E8A /* Debug */,
				2D246CA72204A7C900166E8A /* Release */,
			);
			defaultConfigurationIsVisible = 0;
			defaultConfigurationName = Release;
		};
/* End XCConfigurationList section */
	};
	rootObject = 2D246C7D2204A7C800166E8A /* Project object */;
}
